
Microsoft Visual Studio Solution File, Format Version 12.00
# Visual Studio Version 17
VisualStudioVersion = 17.6.33723.286
MinimumVisualStudioVersion = 10.0.40219.1
Project("{FAE04EC0-301F-11D3-BF4B-00C04F79EFBC}") = "Movies-Exam", "Movies-Exam\Movies-Exam.csproj", "{924B9F94-BE3F-45A0-B4A5-7FCFE09D0E28}"
EndProject
Project("{E53339B2-1760-4266-BCC7-CA923CBCF16C}") = "docker-compose", "docker-compose.dcproj", "{F7274607-4F96-437F-84CB-18769B569AA9}"
EndProject
Global
	GlobalSection(SolutionConfigurationPlatforms) = preSolution
		Debug|Any CPU = Debug|Any CPU
		Release|Any CPU = Release|Any CPU
	EndGlobalSection
	GlobalSection(ProjectConfigurationPlatforms) = postSolution
		{924B9F94-BE3F-45A0-B4A5-7FCFE09D0E28}.Debug|Any CPU.ActiveCfg = Debug|Any CPU
		{924B9F94-BE3F-45A0-B4A5-7FCFE09D0E28}.Debug|Any CPU.Build.0 = Debug|Any CPU
		{924B9F94-BE3F-45A0-B4A5-7FCFE09D0E28}.Release|Any CPU.ActiveCfg = Release|Any CPU
		{924B9F94-BE3F-45A0-B4A5-7FCFE09D0E28}.Release|Any CPU.Build.0 = Release|Any CPU
		{F7274607-4F96-437F-84CB-18769B569AA9}.Debug|Any CPU.ActiveCfg = Debug|Any CPU
		{F7274607-4F96-437F-84CB-18769B569AA9}.Debug|Any CPU.Build.0 = Debug|Any CPU
		{F7274607-4F96-437F-84CB-18769B569AA9}.Release|Any CPU.ActiveCfg = Release|Any CPU
		{F7274607-4F96-437F-84CB-18769B569AA9}.Release|Any CPU.Build.0 = Release|Any CPU
	EndGlobalSection
	GlobalSection(SolutionProperties) = preSolution
		HideSolutionNode = FALSE
	EndGlobalSection
	GlobalSection(ExtensibilityGlobals) = postSolution
		SolutionGuid = {E49669B4-3544-48EC-8263-A2DB3DD09120}
	EndGlobalSection
EndGlobal
